
Microsoft Visual Studio Solution File, Format Version 12.00
# Visual Studio Version 16
VisualStudioVersion = 16.0.36128.20
MinimumVisualStudioVersion = 10.0.40219.1
Project("{FAE04EC0-301F-11D3-BF4B-00C04F79EFBC}") = "MVC_Web", "MVC_Web\MVC_Web.csproj", "{DF43AD22-09BD-4A74-A33E-C65C3E14BC14}"
EndProject
Global
	GlobalSection(SolutionConfigurationPlatforms) = preSolution
		Debug|Any CPU = Debug|Any CPU
		Release|Any CPU = Release|Any CPU
	EndGlobalSection
	GlobalSection(ProjectConfigurationPlatforms) = postSolution
		{DF43AD22-09BD-4A74-A33E-C65C3E14BC14}.Debug|Any CPU.ActiveCfg = Debug|Any CPU
		{DF43AD22-09BD-4A74-A33E-C65C3E14BC14}.Debug|Any CPU.Build.0 = Debug|Any CPU
		{DF43AD22-09BD-4A74-A33E-C65C3E14BC14}.Release|Any CPU.ActiveCfg = Release|Any CPU
		{DF43AD22-09BD-4A74-A33E-C65C3E14BC14}.Release|Any CPU.Build.0 = Release|Any CPU
	EndGlobalSection
	GlobalSection(SolutionProperties) = preSolution
		HideSolutionNode = FALSE
	EndGlobalSection
	GlobalSection(ExtensibilityGlobals) = postSolution
		SolutionGuid = {66068CE2-B615-460B-8F38-99CE9C582F14}
	EndGlobalSection
EndGlobal
