
Microsoft Visual Studio Solution File, Format Version 12.00
# Visual Studio Version 16
VisualStudioVersion = 16.0.36128.20
MinimumVisualStudioVersion = 10.0.40219.1
Project("{FAE04EC0-301F-11D3-BF4B-00C04F79EFBC}") = "MVC_Assignemnt_1", "MVC_Assignemnt_1\MVC_Assignemnt_1.csproj", "{2707ED3D-05D6-42AA-98CC-D53CB2FC133B}"
EndProject
Global
	GlobalSection(SolutionConfigurationPlatforms) = preSolution
		Debug|Any CPU = Debug|Any CPU
		Release|Any CPU = Release|Any CPU
	EndGlobalSection
	GlobalSection(ProjectConfigurationPlatforms) = postSolution
		{2707ED3D-05D6-42AA-98CC-D53CB2FC133B}.Debug|Any CPU.ActiveCfg = Debug|Any CPU
		{2707ED3D-05D6-42AA-98CC-D53CB2FC133B}.Debug|Any CPU.Build.0 = Debug|Any CPU
		{2707ED3D-05D6-42AA-98CC-D53CB2FC133B}.Release|Any CPU.ActiveCfg = Release|Any CPU
		{2707ED3D-05D6-42AA-98CC-D53CB2FC133B}.Release|Any CPU.Build.0 = Release|Any CPU
	EndGlobalSection
	GlobalSection(SolutionProperties) = preSolution
		HideSolutionNode = FALSE
	EndGlobalSection
	GlobalSection(ExtensibilityGlobals) = postSolution
		SolutionGuid = {3E9E3BB1-7281-44F4-AF9C-A6C1F9C5EC46}
	EndGlobalSection
EndGlobal
