
Microsoft Visual Studio Solution File, Format Version 12.00
# Visual Studio Version 16
VisualStudioVersion = 16.0.36128.20
MinimumVisualStudioVersion = 10.0.40219.1
Project("{FAE04EC0-301F-11D3-BF4B-00C04F79EFBC}") = "Assignment2", "Assignment2\Assignment2.csproj", "{E97EC6DD-E6E7-4222-B82F-D52DFFEC5CE4}"
EndProject
Global
	GlobalSection(SolutionConfigurationPlatforms) = preSolution
		Debug|Any CPU = Debug|Any CPU
		Release|Any CPU = Release|Any CPU
	EndGlobalSection
	GlobalSection(ProjectConfigurationPlatforms) = postSolution
		{E97EC6DD-E6E7-4222-B82F-D52DFFEC5CE4}.Debug|Any CPU.ActiveCfg = Debug|Any CPU
		{E97EC6DD-E6E7-4222-B82F-D52DFFEC5CE4}.Debug|Any CPU.Build.0 = Debug|Any CPU
		{E97EC6DD-E6E7-4222-B82F-D52DFFEC5CE4}.Release|Any CPU.ActiveCfg = Release|Any CPU
		{E97EC6DD-E6E7-4222-B82F-D52DFFEC5CE4}.Release|Any CPU.Build.0 = Release|Any CPU
	EndGlobalSection
	GlobalSection(SolutionProperties) = preSolution
		HideSolutionNode = FALSE
	EndGlobalSection
	GlobalSection(ExtensibilityGlobals) = postSolution
		SolutionGuid = {A7695E62-7D35-4608-8C4B-0B0F44DB08F2}
	EndGlobalSection
EndGlobal
