
Microsoft Visual Studio Solution File, Format Version 12.00
# Visual Studio Version 16
VisualStudioVersion = 16.0.36128.20
MinimumVisualStudioVersion = 10.0.40219.1
Project("{FAE04EC0-301F-11D3-BF4B-00C04F79EFBC}") = "Assignment5", "Assignment5\Assignment5.csproj", "{DA78E5B9-AF3D-4225-B3A2-A4E391E4E4FB}"
EndProject
Global
	GlobalSection(SolutionConfigurationPlatforms) = preSolution
		Debug|Any CPU = Debug|Any CPU
		Release|Any CPU = Release|Any CPU
	EndGlobalSection
	GlobalSection(ProjectConfigurationPlatforms) = postSolution
		{DA78E5B9-AF3D-4225-B3A2-A4E391E4E4FB}.Debug|Any CPU.ActiveCfg = Debug|Any CPU
		{DA78E5B9-AF3D-4225-B3A2-A4E391E4E4FB}.Debug|Any CPU.Build.0 = Debug|Any CPU
		{DA78E5B9-AF3D-4225-B3A2-A4E391E4E4FB}.Release|Any CPU.ActiveCfg = Release|Any CPU
		{DA78E5B9-AF3D-4225-B3A2-A4E391E4E4FB}.Release|Any CPU.Build.0 = Release|Any CPU
	EndGlobalSection
	GlobalSection(SolutionProperties) = preSolution
		HideSolutionNode = FALSE
	EndGlobalSection
	GlobalSection(ExtensibilityGlobals) = postSolution
		SolutionGuid = {CA3F8B4C-5669-4D09-8A9D-2EBB92BB0B7F}
	EndGlobalSection
EndGlobal
